
Microsoft Visual Studio Solution File, Format Version 12.00
# Visual Studio Version 17
VisualStudioVersion = 17.1.32328.378
MinimumVisualStudioVersion = 10.0.40219.1
Project("{FAE04EC0-301F-11D3-BF4B-00C04F79EFBC}") = "APIs", "APIs\APIs.csproj", "{949FBFA7-22DB-49C4-B0F9-B0FEF2FFDAC8}"
EndProject
Project("{2150E333-8FDC-42A3-9474-1A3956D46DE8}") = "src", "src", "{027C2FDC-C32E-4F74-A971-F7806AC2A469}"
EndProject
Global
	GlobalSection(SolutionConfigurationPlatforms) = preSolution
		Debug|Any CPU = Debug|Any CPU
		Release|Any CPU = Release|Any CPU
	EndGlobalSection
	GlobalSection(ProjectConfigurationPlatforms) = postSolution
		{949FBFA7-22DB-49C4-B0F9-B0FEF2FFDAC8}.Debug|Any CPU.ActiveCfg = Debug|Any CPU
		{949FBFA7-22DB-49C4-B0F9-B0FEF2FFDAC8}.Debug|Any CPU.Build.0 = Debug|Any CPU
		{949FBFA7-22DB-49C4-B0F9-B0FEF2FFDAC8}.Release|Any CPU.ActiveCfg = Release|Any CPU
		{949FBFA7-22DB-49C4-B0F9-B0FEF2FFDAC8}.Release|Any CPU.Build.0 = Release|Any CPU
	EndGlobalSection
	GlobalSection(SolutionProperties) = preSolution
		HideSolutionNode = FALSE
	EndGlobalSection
	GlobalSection(NestedProjects) = preSolution
		{949FBFA7-22DB-49C4-B0F9-B0FEF2FFDAC8} = {027C2FDC-C32E-4F74-A971-F7806AC2A469}
	EndGlobalSection
	GlobalSection(ExtensibilityGlobals) = postSolution
		SolutionGuid = {4E041037-0F52-43FE-B968-501F7BBDFC83}
	EndGlobalSection
EndGlobal
